
Microsoft Visual Studio Solution File, Format Version 12.00
# Visual Studio Version 17
VisualStudioVersion = 17.5.33530.505
MinimumVisualStudioVersion = 10.0.40219.1
Project("{FAE04EC0-301F-11D3-BF4B-00C04F79EFBC}") = "Tarea 2", "Tarea 2\Tarea 2.csproj", "{DC6B18FE-4266-4581-9A5C-3391E77C0E50}"
EndProject
Global
	GlobalSection(SolutionConfigurationPlatforms) = preSolution
		Debug|Any CPU = Debug|Any CPU
		Release|Any CPU = Release|Any CPU
	EndGlobalSection
	GlobalSection(ProjectConfigurationPlatforms) = postSolution
		{DC6B18FE-4266-4581-9A5C-3391E77C0E50}.Debug|Any CPU.ActiveCfg = Debug|Any CPU
		{DC6B18FE-4266-4581-9A5C-3391E77C0E50}.Debug|Any CPU.Build.0 = Debug|Any CPU
		{DC6B18FE-4266-4581-9A5C-3391E77C0E50}.Release|Any CPU.ActiveCfg = Release|Any CPU
		{DC6B18FE-4266-4581-9A5C-3391E77C0E50}.Release|Any CPU.Build.0 = Release|Any CPU
	EndGlobalSection
	GlobalSection(SolutionProperties) = preSolution
		HideSolutionNode = FALSE
	EndGlobalSection
	GlobalSection(ExtensibilityGlobals) = postSolution
		SolutionGuid = {82F5ED38-7446-4018-8E5B-B99B01E1A5EE}
	EndGlobalSection
EndGlobal
